
Microsoft Visual Studio Solution File, Format Version 12.00
# Visual Studio 2013
VisualStudioVersion = 12.0.40629.0
MinimumVisualStudioVersion = 10.0.40219.1
Project("{FAE04EC0-301F-11D3-BF4B-00C04F79EFBC}") = "AA", "AA\AA.csproj", "{CD5265FE-5EA5-4A22-8614-9ACCCE343617}"
EndProject
Project("{FAE04EC0-301F-11D3-BF4B-00C04F79EFBC}") = "Anvil.Common", "..\..\..\Anvil\Anvil.Common\Anvil.Common.csproj", "{24273D91-D714-486D-9D80-53183FD35DC0}"
EndProject
Project("{FAE04EC0-301F-11D3-BF4B-00C04F79EFBC}") = "AA.MVC", "..\AA.MVC\AA.MVC.csproj", "{A930018F-B716-4EB2-B7CA-983697363E27}"
EndProject
Project("{FAE04EC0-301F-11D3-BF4B-00C04F79EFBC}") = "AA.UI.District", "..\AA.UI.District\AA.UI.District.csproj", "{12CA13C0-79EB-4259-81BC-630E1AA2630A}"
EndProject
Global
	GlobalSection(SolutionConfigurationPlatforms) = preSolution
		Debug|Any CPU = Debug|Any CPU
		Release|Any CPU = Release|Any CPU
	EndGlobalSection
	GlobalSection(ProjectConfigurationPlatforms) = postSolution
		{CD5265FE-5EA5-4A22-8614-9ACCCE343617}.Debug|Any CPU.ActiveCfg = Debug|Any CPU
		{CD5265FE-5EA5-4A22-8614-9ACCCE343617}.Debug|Any CPU.Build.0 = Debug|Any CPU
		{CD5265FE-5EA5-4A22-8614-9ACCCE343617}.Release|Any CPU.ActiveCfg = Release|Any CPU
		{CD5265FE-5EA5-4A22-8614-9ACCCE343617}.Release|Any CPU.Build.0 = Release|Any CPU
		{24273D91-D714-486D-9D80-53183FD35DC0}.Debug|Any CPU.ActiveCfg = Debug|Any CPU
		{24273D91-D714-486D-9D80-53183FD35DC0}.Debug|Any CPU.Build.0 = Debug|Any CPU
		{24273D91-D714-486D-9D80-53183FD35DC0}.Release|Any CPU.ActiveCfg = Release|Any CPU
		{24273D91-D714-486D-9D80-53183FD35DC0}.Release|Any CPU.Build.0 = Release|Any CPU
		{A930018F-B716-4EB2-B7CA-983697363E27}.Debug|Any CPU.ActiveCfg = Debug|Any CPU
		{A930018F-B716-4EB2-B7CA-983697363E27}.Debug|Any CPU.Build.0 = Debug|Any CPU
		{A930018F-B716-4EB2-B7CA-983697363E27}.Release|Any CPU.ActiveCfg = Release|Any CPU
		{A930018F-B716-4EB2-B7CA-983697363E27}.Release|Any CPU.Build.0 = Release|Any CPU
		{12CA13C0-79EB-4259-81BC-630E1AA2630A}.Debug|Any CPU.ActiveCfg = Debug|Any CPU
		{12CA13C0-79EB-4259-81BC-630E1AA2630A}.Debug|Any CPU.Build.0 = Debug|Any CPU
		{12CA13C0-79EB-4259-81BC-630E1AA2630A}.Release|Any CPU.ActiveCfg = Release|Any CPU
		{12CA13C0-79EB-4259-81BC-630E1AA2630A}.Release|Any CPU.Build.0 = Release|Any CPU
	EndGlobalSection
	GlobalSection(SolutionProperties) = preSolution
		HideSolutionNode = FALSE
	EndGlobalSection
EndGlobal
